
Microsoft Visual Studio Solution File, Format Version 12.00
Project("{FAE04EC0-301F-11D3-BF4B-00C04F79EFBC}") = "COMP2139-ICE2", "COMP2139-ICE2\COMP2139-ICE2.csproj", "{713C6B04-1DB8-4163-B0EF-88066D50EA4D}"
EndProject
Global
	GlobalSection(SolutionConfigurationPlatforms) = preSolution
		Debug|Any CPU = Debug|Any CPU
		Release|Any CPU = Release|Any CPU
	EndGlobalSection
	GlobalSection(ProjectConfigurationPlatforms) = postSolution
		{713C6B04-1DB8-4163-B0EF-88066D50EA4D}.Debug|Any CPU.ActiveCfg = Debug|Any CPU
		{713C6B04-1DB8-4163-B0EF-88066D50EA4D}.Debug|Any CPU.Build.0 = Debug|Any CPU
		{713C6B04-1DB8-4163-B0EF-88066D50EA4D}.Release|Any CPU.ActiveCfg = Release|Any CPU
		{713C6B04-1DB8-4163-B0EF-88066D50EA4D}.Release|Any CPU.Build.0 = Release|Any CPU
	EndGlobalSection
EndGlobal
